
Microsoft Visual Studio Solution File, Format Version 12.00
# Visual Studio Version 17
VisualStudioVersion = 17.7.34024.191
MinimumVisualStudioVersion = 10.0.40219.1
Project("{FAE04EC0-301F-11D3-BF4B-00C04F79EFBC}") = "ProjectFirst", "ProjectFirst.csproj", "{0D43FDCC-F2CF-455F-B279-F3CF5C2F1270}"
EndProject
Global
	GlobalSection(SolutionConfigurationPlatforms) = preSolution
		Debug|Any CPU = Debug|Any CPU
		Release|Any CPU = Release|Any CPU
	EndGlobalSection
	GlobalSection(ProjectConfigurationPlatforms) = postSolution
		{0D43FDCC-F2CF-455F-B279-F3CF5C2F1270}.Debug|Any CPU.ActiveCfg = Debug|Any CPU
		{0D43FDCC-F2CF-455F-B279-F3CF5C2F1270}.Debug|Any CPU.Build.0 = Debug|Any CPU
		{0D43FDCC-F2CF-455F-B279-F3CF5C2F1270}.Release|Any CPU.ActiveCfg = Release|Any CPU
		{0D43FDCC-F2CF-455F-B279-F3CF5C2F1270}.Release|Any CPU.Build.0 = Release|Any CPU
	EndGlobalSection
	GlobalSection(SolutionProperties) = preSolution
		HideSolutionNode = FALSE
	EndGlobalSection
	GlobalSection(ExtensibilityGlobals) = postSolution
		SolutionGuid = {1E1D04FE-3104-4DCC-89D8-29063A73C936}
	EndGlobalSection
EndGlobal
